
Microsoft Visual Studio Solution File, Format Version 12.00
# Visual Studio Version 17
VisualStudioVersion = 17.7.34031.279
MinimumVisualStudioVersion = 10.0.40219.1
Project("{FAE04EC0-301F-11D3-BF4B-00C04F79EFBC}") = "MyScriptureJournal", "MyScriptureJournal.csproj", "{64CAE378-E6FA-4CD8-9A00-EBDD79B8C8A7}"
EndProject
Global
	GlobalSection(SolutionConfigurationPlatforms) = preSolution
		Debug|Any CPU = Debug|Any CPU
		Release|Any CPU = Release|Any CPU
	EndGlobalSection
	GlobalSection(ProjectConfigurationPlatforms) = postSolution
		{64CAE378-E6FA-4CD8-9A00-EBDD79B8C8A7}.Debug|Any CPU.ActiveCfg = Debug|Any CPU
		{64CAE378-E6FA-4CD8-9A00-EBDD79B8C8A7}.Debug|Any CPU.Build.0 = Debug|Any CPU
		{64CAE378-E6FA-4CD8-9A00-EBDD79B8C8A7}.Release|Any CPU.ActiveCfg = Release|Any CPU
		{64CAE378-E6FA-4CD8-9A00-EBDD79B8C8A7}.Release|Any CPU.Build.0 = Release|Any CPU
	EndGlobalSection
	GlobalSection(SolutionProperties) = preSolution
		HideSolutionNode = FALSE
	EndGlobalSection
	GlobalSection(ExtensibilityGlobals) = postSolution
		SolutionGuid = {398A52BE-1920-44C1-AB4A-B5A64D817DF1}
	EndGlobalSection
EndGlobal
